<?xml version="1.0" encoding="utf-8"?>
<Project ToolsVersion="4.0" xmlns="http://schemas.microsoft.com/developer/msbuild/2003">
  <ItemGroup>
    <Filter Include="Source Files">
      <UniqueIdentifier>{4FC737F1-C7A5-4376-A066-2A32D752A2FF}</UniqueIdentifier>
      <Extensions>cpp;c;cc;cxx;def;odl;idl;hpj;bat;asm;asmx</Extensions>
    </Filter>
    <Filter Include="Header Files">
      <UniqueIdentifier>{93995380-89BD-4b04-88EB-625FBE52EBFB}</UniqueIdentifier>
      <Extensions>h;hh;hpp;hxx;hm;inl;inc;xsd</Extensions>
    </Filter>
    <Filter Include="Resource Files">
      <UniqueIdentifier>{67DA6AB6-F800-4c08-8B7A-83BB121AAD01}</UniqueIdentifier>
      <Extensions>rc;ico;cur;bmp;dlg;rc2;rct;bin;rgs;gif;jpg;jpeg;jpe;resx;tiff;tif;png;wav;mfcribbon-ms</Extensions>
    </Filter>
  </ItemGroup>
  <ItemGroup>
    <ClCompile Include="D:\رغد\6-Texture-Models\texture\texture.cpp">
      <Filter>Source Files</Filter>
    </ClCompile>
    <ClCompile Include="D:\رغد\6-Texture-Models\texture\Source.cpp">
      <Filter>Source Files</Filter>
    </ClCompile>
    <ClCompile Include="Model_3DS.cpp">
      <Filter>Source Files</Filter>
    </ClCompile>
    <ClCompile Include="3DTexture.cpp">
      <Filter>Source Files</Filter>
    </ClCompile>
    <ClCompile Include="AntClass.cpp">
      <Filter>Source Files</Filter>
    </ClCompile>
    <ClCompile Include="Functions.cpp">
      <Filter>Source Files</Filter>
    </ClCompile>
  </ItemGroup>
  <ItemGroup>
    <Image Include="cpu.bmp">
      <Filter>Source Files</Filter>
    </Image>
    <Image Include="motherboard .bmp">
      <Filter>Source Files</Filter>
    </Image>
    <Image Include="ground.bmp">
      <Filter>Source Files</Filter>
    </Image>
    <Image Include="wall.bmp">
      <Filter>Source Files</Filter>
    </Image>
    <Image Include="astro.bmp">
      <Filter>Source Files</Filter>
    </Image>
    <Image Include="capucakeu.bmp">
      <Filter>Source Files</Filter>
    </Image>
    <Image Include="error.bmp">
      <Filter>Source Files</Filter>
    </Image>
    <Image Include="kb1.bmp">
      <Filter>Source Files</Filter>
    </Image>
    <Image Include="black_ant.bmp">
      <Filter>Source Files</Filter>
    </Image>
    <Image Include="lb.bmp">
      <Filter>Source Files</Filter>
    </Image>
    <Image Include="enter.bmp">
      <Filter>Source Files</Filter>
    </Image>
  </ItemGroup>
  <ItemGroup>
    <None Include="ANT_BLK.3DS">
      <Filter>Source Files</Filter>
    </None>
  </ItemGroup>
  <ItemGroup>
    <Media Include="mof.wav">
      <Filter>Source Files</Filter>
    </Media>
  </ItemGroup>
</Project>